
Microsoft Visual Studio Solution File, Format Version 12.00
# Visual Studio Version 16
VisualStudioVersion = 16.0.30804.86
MinimumVisualStudioVersion = 10.0.40219.1
Project("{9A19103F-16F7-4668-BE54-9A1E7A4F7556}") = "WebApp_UnderTheHood", "WebApp_UnderTheHood\WebApp_UnderTheHood.csproj", "{1E0E20B9-C400-402F-8955-DC0AD37EA2D6}"
EndProject
Project("{9A19103F-16F7-4668-BE54-9A1E7A4F7556}") = "WebAPI", "WebAPI\WebAPI.csproj", "{67DAEEE4-2EFD-483F-8895-C9F2E1C2D079}"
EndProject
Project("{9A19103F-16F7-4668-BE54-9A1E7A4F7556}") = "WebApp", "WebApp\WebApp.csproj", "{02162576-10E4-4096-974B-0E5B621051CB}"
EndProject
Global
	GlobalSection(SolutionConfigurationPlatforms) = preSolution
		Debug|Any CPU = Debug|Any CPU
		Release|Any CPU = Release|Any CPU
	EndGlobalSection
	GlobalSection(ProjectConfigurationPlatforms) = postSolution
		{1E0E20B9-C400-402F-8955-DC0AD37EA2D6}.Debug|Any CPU.ActiveCfg = Debug|Any CPU
		{1E0E20B9-C400-402F-8955-DC0AD37EA2D6}.Debug|Any CPU.Build.0 = Debug|Any CPU
		{1E0E20B9-C400-402F-8955-DC0AD37EA2D6}.Release|Any CPU.ActiveCfg = Release|Any CPU
		{1E0E20B9-C400-402F-8955-DC0AD37EA2D6}.Release|Any CPU.Build.0 = Release|Any CPU
		{67DAEEE4-2EFD-483F-8895-C9F2E1C2D079}.Debug|Any CPU.ActiveCfg = Debug|Any CPU
		{67DAEEE4-2EFD-483F-8895-C9F2E1C2D079}.Debug|Any CPU.Build.0 = Debug|Any CPU
		{67DAEEE4-2EFD-483F-8895-C9F2E1C2D079}.Release|Any CPU.ActiveCfg = Release|Any CPU
		{67DAEEE4-2EFD-483F-8895-C9F2E1C2D079}.Release|Any CPU.Build.0 = Release|Any CPU
		{02162576-10E4-4096-974B-0E5B621051CB}.Debug|Any CPU.ActiveCfg = Debug|Any CPU
		{02162576-10E4-4096-974B-0E5B621051CB}.Debug|Any CPU.Build.0 = Debug|Any CPU
		{02162576-10E4-4096-974B-0E5B621051CB}.Release|Any CPU.ActiveCfg = Release|Any CPU
		{02162576-10E4-4096-974B-0E5B621051CB}.Release|Any CPU.Build.0 = Release|Any CPU
	EndGlobalSection
	GlobalSection(SolutionProperties) = preSolution
		HideSolutionNode = FALSE
	EndGlobalSection
	GlobalSection(ExtensibilityGlobals) = postSolution
		SolutionGuid = {CB02623D-3927-4DD2-8C0B-D84A2E37F8AC}
	EndGlobalSection
EndGlobal
